
Microsoft Visual Studio Solution File, Format Version 12.00
# Visual Studio 2017
Project("{FAE04EC0-301F-11D3-BF4B-00C04F79EFBC}") = "Dickinson_RandomPerlin", "Dickinson_RandomPerlin.csproj", "{79D09ACC-A0C2-DAF2-AE8E-D4DB85038508}"
EndProject
Global
	GlobalSection(SolutionConfigurationPlatforms) = preSolution
		Debug|Any CPU = Debug|Any CPU
		Release|Any CPU = Release|Any CPU
	EndGlobalSection
	GlobalSection(ProjectConfigurationPlatforms) = postSolution
		{79D09ACC-A0C2-DAF2-AE8E-D4DB85038508}.Debug|Any CPU.ActiveCfg = Debug|Any CPU
		{79D09ACC-A0C2-DAF2-AE8E-D4DB85038508}.Debug|Any CPU.Build.0 = Debug|Any CPU
		{79D09ACC-A0C2-DAF2-AE8E-D4DB85038508}.Release|Any CPU.ActiveCfg = Release|Any CPU
		{79D09ACC-A0C2-DAF2-AE8E-D4DB85038508}.Release|Any CPU.Build.0 = Release|Any CPU
	EndGlobalSection
	GlobalSection(SolutionProperties) = preSolution
		HideSolutionNode = FALSE
	EndGlobalSection
EndGlobal
